
Microsoft Visual Studio Solution File, Format Version 12.00
# Visual Studio 15
VisualStudioVersion = 15.0.28010.2041
MinimumVisualStudioVersion = 10.0.40219.1
Project("{FAE04EC0-301F-11D3-BF4B-00C04F79EFBC}") = "TPA_Etap_1", "TPA_Etap_1\TPA_Etap_1.csproj", "{E97BB458-AB67-4ADF-B7BC-0034FA565357}"
EndProject
Project("{FAE04EC0-301F-11D3-BF4B-00C04F79EFBC}") = "ViewModel", "ViewModel\ViewModel.csproj", "{F6D78536-2603-4666-9AAC-209C2B46A73A}"
EndProject
Project("{FAE04EC0-301F-11D3-BF4B-00C04F79EFBC}") = "GUI", "GUI\GUI.csproj", "{D55F0BD5-06EB-4011-991C-EDD91A5273AD}"
EndProject
Global
	GlobalSection(SolutionConfigurationPlatforms) = preSolution
		Debug|Any CPU = Debug|Any CPU
		Release|Any CPU = Release|Any CPU
	EndGlobalSection
	GlobalSection(ProjectConfigurationPlatforms) = postSolution
		{E97BB458-AB67-4ADF-B7BC-0034FA565357}.Debug|Any CPU.ActiveCfg = Debug|Any CPU
		{E97BB458-AB67-4ADF-B7BC-0034FA565357}.Debug|Any CPU.Build.0 = Debug|Any CPU
		{E97BB458-AB67-4ADF-B7BC-0034FA565357}.Release|Any CPU.ActiveCfg = Release|Any CPU
		{E97BB458-AB67-4ADF-B7BC-0034FA565357}.Release|Any CPU.Build.0 = Release|Any CPU
		{F6D78536-2603-4666-9AAC-209C2B46A73A}.Debug|Any CPU.ActiveCfg = Debug|Any CPU
		{F6D78536-2603-4666-9AAC-209C2B46A73A}.Debug|Any CPU.Build.0 = Debug|Any CPU
		{F6D78536-2603-4666-9AAC-209C2B46A73A}.Release|Any CPU.ActiveCfg = Release|Any CPU
		{F6D78536-2603-4666-9AAC-209C2B46A73A}.Release|Any CPU.Build.0 = Release|Any CPU
		{D55F0BD5-06EB-4011-991C-EDD91A5273AD}.Debug|Any CPU.ActiveCfg = Debug|Any CPU
		{D55F0BD5-06EB-4011-991C-EDD91A5273AD}.Debug|Any CPU.Build.0 = Debug|Any CPU
		{D55F0BD5-06EB-4011-991C-EDD91A5273AD}.Release|Any CPU.ActiveCfg = Release|Any CPU
		{D55F0BD5-06EB-4011-991C-EDD91A5273AD}.Release|Any CPU.Build.0 = Release|Any CPU
	EndGlobalSection
	GlobalSection(SolutionProperties) = preSolution
		HideSolutionNode = FALSE
	EndGlobalSection
	GlobalSection(ExtensibilityGlobals) = postSolution
		SolutionGuid = {165E4CB3-D0E2-4206-BE47-71A520BB3CFD}
	EndGlobalSection
EndGlobal
