
Microsoft Visual Studio Solution File, Format Version 12.00
# Visual Studio 15
VisualStudioVersion = 15.0.28010.2041
MinimumVisualStudioVersion = 10.0.40219.1
Project("{FAE04EC0-301F-11D3-BF4B-00C04F79EFBC}") = "TPA_Etap_1", "TPA_Etap_1\TPA_Etap_1.csproj", "{E97BB458-AB67-4ADF-B7BC-0034FA565357}"
EndProject
Project("{FAE04EC0-301F-11D3-BF4B-00C04F79EFBC}") = "ViewModel", "ViewModel\ViewModel.csproj", "{F6D78536-2603-4666-9AAC-209C2B46A73A}"
EndProject
Project("{FAE04EC0-301F-11D3-BF4B-00C04F79EFBC}") = "GUI", "GUI\GUI.csproj", "{D55F0BD5-06EB-4011-991C-EDD91A5273AD}"
EndProject
Project("{FAE04EC0-301F-11D3-BF4B-00C04F79EFBC}") = "Loging", "Loging\Loging.csproj", "{2E65285C-ED8D-4B51-AB66-F4B9E0062290}"
EndProject
Project("{FAE04EC0-301F-11D3-BF4B-00C04F79EFBC}") = "DataSerializer", "DataSerializer\DataSerializer.csproj", "{488213AC-8423-496B-88C2-92ABDE833CE9}"
EndProject
Project("{FAE04EC0-301F-11D3-BF4B-00C04F79EFBC}") = "Model", "Model\Model.csproj", "{74BA2C41-7D6A-428E-9977-0A902CF79E80}"
EndProject
Project("{FAE04EC0-301F-11D3-BF4B-00C04F79EFBC}") = "Tests", "Tests\Tests.csproj", "{84A027EA-AB01-4586-82A1-AE0FC37191A2}"
EndProject
Project("{FAE04EC0-301F-11D3-BF4B-00C04F79EFBC}") = "XMLTests", "XMLTests\XMLTests.csproj", "{27EB8D7A-A6E8-40C0-9C5E-3A51EA09F110}"
EndProject
Project("{FAE04EC0-301F-11D3-BF4B-00C04F79EFBC}") = "MEF", "ClassLibrary1\MEF.csproj", "{7BF9F1D2-649A-40C0-A42A-A120C1C997C2}"
EndProject
Project("{2150E333-8FDC-42A3-9474-1A3956D46DE8}") = "Test", "Test", "{F7A3FFCD-B942-4AA0-9B64-8B3F8D255737}"
EndProject
Global
	GlobalSection(SolutionConfigurationPlatforms) = preSolution
		Debug|Any CPU = Debug|Any CPU
		Release|Any CPU = Release|Any CPU
	EndGlobalSection
	GlobalSection(ProjectConfigurationPlatforms) = postSolution
		{E97BB458-AB67-4ADF-B7BC-0034FA565357}.Debug|Any CPU.ActiveCfg = Debug|Any CPU
		{E97BB458-AB67-4ADF-B7BC-0034FA565357}.Debug|Any CPU.Build.0 = Debug|Any CPU
		{E97BB458-AB67-4ADF-B7BC-0034FA565357}.Release|Any CPU.ActiveCfg = Release|Any CPU
		{E97BB458-AB67-4ADF-B7BC-0034FA565357}.Release|Any CPU.Build.0 = Release|Any CPU
		{F6D78536-2603-4666-9AAC-209C2B46A73A}.Debug|Any CPU.ActiveCfg = Debug|Any CPU
		{F6D78536-2603-4666-9AAC-209C2B46A73A}.Debug|Any CPU.Build.0 = Debug|Any CPU
		{F6D78536-2603-4666-9AAC-209C2B46A73A}.Release|Any CPU.ActiveCfg = Release|Any CPU
		{F6D78536-2603-4666-9AAC-209C2B46A73A}.Release|Any CPU.Build.0 = Release|Any CPU
		{D55F0BD5-06EB-4011-991C-EDD91A5273AD}.Debug|Any CPU.ActiveCfg = Debug|Any CPU
		{D55F0BD5-06EB-4011-991C-EDD91A5273AD}.Debug|Any CPU.Build.0 = Debug|Any CPU
		{D55F0BD5-06EB-4011-991C-EDD91A5273AD}.Release|Any CPU.ActiveCfg = Release|Any CPU
		{D55F0BD5-06EB-4011-991C-EDD91A5273AD}.Release|Any CPU.Build.0 = Release|Any CPU
		{2E65285C-ED8D-4B51-AB66-F4B9E0062290}.Debug|Any CPU.ActiveCfg = Debug|Any CPU
		{2E65285C-ED8D-4B51-AB66-F4B9E0062290}.Debug|Any CPU.Build.0 = Debug|Any CPU
		{2E65285C-ED8D-4B51-AB66-F4B9E0062290}.Release|Any CPU.ActiveCfg = Release|Any CPU
		{2E65285C-ED8D-4B51-AB66-F4B9E0062290}.Release|Any CPU.Build.0 = Release|Any CPU
		{488213AC-8423-496B-88C2-92ABDE833CE9}.Debug|Any CPU.ActiveCfg = Debug|Any CPU
		{488213AC-8423-496B-88C2-92ABDE833CE9}.Debug|Any CPU.Build.0 = Debug|Any CPU
		{488213AC-8423-496B-88C2-92ABDE833CE9}.Release|Any CPU.ActiveCfg = Release|Any CPU
		{488213AC-8423-496B-88C2-92ABDE833CE9}.Release|Any CPU.Build.0 = Release|Any CPU
		{74BA2C41-7D6A-428E-9977-0A902CF79E80}.Debug|Any CPU.ActiveCfg = Debug|Any CPU
		{74BA2C41-7D6A-428E-9977-0A902CF79E80}.Debug|Any CPU.Build.0 = Debug|Any CPU
		{74BA2C41-7D6A-428E-9977-0A902CF79E80}.Release|Any CPU.ActiveCfg = Release|Any CPU
		{74BA2C41-7D6A-428E-9977-0A902CF79E80}.Release|Any CPU.Build.0 = Release|Any CPU
		{84A027EA-AB01-4586-82A1-AE0FC37191A2}.Debug|Any CPU.ActiveCfg = Debug|Any CPU
		{84A027EA-AB01-4586-82A1-AE0FC37191A2}.Debug|Any CPU.Build.0 = Debug|Any CPU
		{84A027EA-AB01-4586-82A1-AE0FC37191A2}.Release|Any CPU.ActiveCfg = Release|Any CPU
		{84A027EA-AB01-4586-82A1-AE0FC37191A2}.Release|Any CPU.Build.0 = Release|Any CPU
		{27EB8D7A-A6E8-40C0-9C5E-3A51EA09F110}.Debug|Any CPU.ActiveCfg = Debug|Any CPU
		{27EB8D7A-A6E8-40C0-9C5E-3A51EA09F110}.Debug|Any CPU.Build.0 = Debug|Any CPU
		{27EB8D7A-A6E8-40C0-9C5E-3A51EA09F110}.Release|Any CPU.ActiveCfg = Release|Any CPU
		{27EB8D7A-A6E8-40C0-9C5E-3A51EA09F110}.Release|Any CPU.Build.0 = Release|Any CPU
		{7BF9F1D2-649A-40C0-A42A-A120C1C997C2}.Debug|Any CPU.ActiveCfg = Debug|Any CPU
		{7BF9F1D2-649A-40C0-A42A-A120C1C997C2}.Debug|Any CPU.Build.0 = Debug|Any CPU
		{7BF9F1D2-649A-40C0-A42A-A120C1C997C2}.Release|Any CPU.ActiveCfg = Release|Any CPU
		{7BF9F1D2-649A-40C0-A42A-A120C1C997C2}.Release|Any CPU.Build.0 = Release|Any CPU
	EndGlobalSection
	GlobalSection(SolutionProperties) = preSolution
		HideSolutionNode = FALSE
	EndGlobalSection
	GlobalSection(NestedProjects) = preSolution
		{84A027EA-AB01-4586-82A1-AE0FC37191A2} = {F7A3FFCD-B942-4AA0-9B64-8B3F8D255737}
		{27EB8D7A-A6E8-40C0-9C5E-3A51EA09F110} = {F7A3FFCD-B942-4AA0-9B64-8B3F8D255737}
	EndGlobalSection
	GlobalSection(ExtensibilityGlobals) = postSolution
		SolutionGuid = {165E4CB3-D0E2-4206-BE47-71A520BB3CFD}
	EndGlobalSection
EndGlobal
