
Microsoft Visual Studio Solution File, Format Version 12.00
# Visual Studio 15
VisualStudioVersion = 15.0.28010.2041
MinimumVisualStudioVersion = 10.0.40219.1
Project("{FAE04EC0-301F-11D3-BF4B-00C04F79EFBC}") = "TPA_Etap_1", "TPA_Etap_1\TPA_Etap_1.csproj", "{E97BB458-AB67-4ADF-B7BC-0034FA565357}"
EndProject
Project("{FAE04EC0-301F-11D3-BF4B-00C04F79EFBC}") = "ViewModel", "ViewModel\ViewModel.csproj", "{F6D78536-2603-4666-9AAC-209C2B46A73A}"
EndProject
Project("{FAE04EC0-301F-11D3-BF4B-00C04F79EFBC}") = "GUI", "GUI\GUI.csproj", "{D55F0BD5-06EB-4011-991C-EDD91A5273AD}"
EndProject
Project("{FAE04EC0-301F-11D3-BF4B-00C04F79EFBC}") = "Loging", "Loging\Loging.csproj", "{2E65285C-ED8D-4B51-AB66-F4B9E0062290}"
EndProject
Project("{FAE04EC0-301F-11D3-BF4B-00C04F79EFBC}") = "DataLayer", "DataSerializer\DataLayer.csproj", "{488213AC-8423-496B-88C2-92ABDE833CE9}"
EndProject
Project("{FAE04EC0-301F-11D3-BF4B-00C04F79EFBC}") = "Model", "Model\Model.csproj", "{74BA2C41-7D6A-428E-9977-0A902CF79E80}"
EndProject
Project("{FAE04EC0-301F-11D3-BF4B-00C04F79EFBC}") = "Tests", "Tests\Tests.csproj", "{84A027EA-AB01-4586-82A1-AE0FC37191A2}"
EndProject
Project("{FAE04EC0-301F-11D3-BF4B-00C04F79EFBC}") = "XMLTests", "XMLTests\XMLTests.csproj", "{27EB8D7A-A6E8-40C0-9C5E-3A51EA09F110}"
EndProject
Project("{2150E333-8FDC-42A3-9474-1A3956D46DE8}") = "Test", "Test", "{F7A3FFCD-B942-4AA0-9B64-8B3F8D255737}"
EndProject
Project("{FAE04EC0-301F-11D3-BF4B-00C04F79EFBC}") = "MEF", "MEF\MEF.csproj", "{D761287E-A58E-4CAB-AC40-1FE43641D116}"
EndProject
Project("{FAE04EC0-301F-11D3-BF4B-00C04F79EFBC}") = "FileSerializer", "FileSerializer\FileSerializer.csproj", "{91E41F11-2FE8-4857-A4EA-4D1809EE3E68}"
EndProject
Project("{FAE04EC0-301F-11D3-BF4B-00C04F79EFBC}") = "Interfaces", "Interfaces\Interfaces.csproj", "{596061A0-5E1E-4448-AFA5-47879C632F72}"
EndProject
Project("{FAE04EC0-301F-11D3-BF4B-00C04F79EFBC}") = "DataBase", "DataBase\DataBase.csproj", "{D226FD7D-BDF4-4AEA-810F-339E4C283D6E}"
EndProject
Project("{FAE04EC0-301F-11D3-BF4B-00C04F79EFBC}") = "DBTest", "DBTest\DBTest.csproj", "{B20546DB-07AD-4A39-AB13-1A2363DB55B8}"
EndProject
Global
	GlobalSection(SolutionConfigurationPlatforms) = preSolution
		Debug|Any CPU = Debug|Any CPU
		Debug|ARM = Debug|ARM
		Debug|ARM64 = Debug|ARM64
		Debug|x64 = Debug|x64
		Debug|x86 = Debug|x86
		Release|Any CPU = Release|Any CPU
		Release|ARM = Release|ARM
		Release|ARM64 = Release|ARM64
		Release|x64 = Release|x64
		Release|x86 = Release|x86
	EndGlobalSection
	GlobalSection(ProjectConfigurationPlatforms) = postSolution
		{E97BB458-AB67-4ADF-B7BC-0034FA565357}.Debug|Any CPU.ActiveCfg = Debug|Any CPU
		{E97BB458-AB67-4ADF-B7BC-0034FA565357}.Debug|Any CPU.Build.0 = Debug|Any CPU
		{E97BB458-AB67-4ADF-B7BC-0034FA565357}.Debug|ARM.ActiveCfg = Debug|Any CPU
		{E97BB458-AB67-4ADF-B7BC-0034FA565357}.Debug|ARM.Build.0 = Debug|Any CPU
		{E97BB458-AB67-4ADF-B7BC-0034FA565357}.Debug|ARM64.ActiveCfg = Debug|Any CPU
		{E97BB458-AB67-4ADF-B7BC-0034FA565357}.Debug|ARM64.Build.0 = Debug|Any CPU
		{E97BB458-AB67-4ADF-B7BC-0034FA565357}.Debug|x64.ActiveCfg = Debug|Any CPU
		{E97BB458-AB67-4ADF-B7BC-0034FA565357}.Debug|x64.Build.0 = Debug|Any CPU
		{E97BB458-AB67-4ADF-B7BC-0034FA565357}.Debug|x86.ActiveCfg = Debug|Any CPU
		{E97BB458-AB67-4ADF-B7BC-0034FA565357}.Debug|x86.Build.0 = Debug|Any CPU
		{E97BB458-AB67-4ADF-B7BC-0034FA565357}.Release|Any CPU.ActiveCfg = Release|Any CPU
		{E97BB458-AB67-4ADF-B7BC-0034FA565357}.Release|Any CPU.Build.0 = Release|Any CPU
		{E97BB458-AB67-4ADF-B7BC-0034FA565357}.Release|ARM.ActiveCfg = Release|Any CPU
		{E97BB458-AB67-4ADF-B7BC-0034FA565357}.Release|ARM.Build.0 = Release|Any CPU
		{E97BB458-AB67-4ADF-B7BC-0034FA565357}.Release|ARM64.ActiveCfg = Release|Any CPU
		{E97BB458-AB67-4ADF-B7BC-0034FA565357}.Release|ARM64.Build.0 = Release|Any CPU
		{E97BB458-AB67-4ADF-B7BC-0034FA565357}.Release|x64.ActiveCfg = Release|Any CPU
		{E97BB458-AB67-4ADF-B7BC-0034FA565357}.Release|x64.Build.0 = Release|Any CPU
		{E97BB458-AB67-4ADF-B7BC-0034FA565357}.Release|x86.ActiveCfg = Release|Any CPU
		{E97BB458-AB67-4ADF-B7BC-0034FA565357}.Release|x86.Build.0 = Release|Any CPU
		{F6D78536-2603-4666-9AAC-209C2B46A73A}.Debug|Any CPU.ActiveCfg = Debug|Any CPU
		{F6D78536-2603-4666-9AAC-209C2B46A73A}.Debug|Any CPU.Build.0 = Debug|Any CPU
		{F6D78536-2603-4666-9AAC-209C2B46A73A}.Debug|ARM.ActiveCfg = Debug|Any CPU
		{F6D78536-2603-4666-9AAC-209C2B46A73A}.Debug|ARM.Build.0 = Debug|Any CPU
		{F6D78536-2603-4666-9AAC-209C2B46A73A}.Debug|ARM64.ActiveCfg = Debug|Any CPU
		{F6D78536-2603-4666-9AAC-209C2B46A73A}.Debug|ARM64.Build.0 = Debug|Any CPU
		{F6D78536-2603-4666-9AAC-209C2B46A73A}.Debug|x64.ActiveCfg = Debug|Any CPU
		{F6D78536-2603-4666-9AAC-209C2B46A73A}.Debug|x64.Build.0 = Debug|Any CPU
		{F6D78536-2603-4666-9AAC-209C2B46A73A}.Debug|x86.ActiveCfg = Debug|Any CPU
		{F6D78536-2603-4666-9AAC-209C2B46A73A}.Debug|x86.Build.0 = Debug|Any CPU
		{F6D78536-2603-4666-9AAC-209C2B46A73A}.Release|Any CPU.ActiveCfg = Release|Any CPU
		{F6D78536-2603-4666-9AAC-209C2B46A73A}.Release|Any CPU.Build.0 = Release|Any CPU
		{F6D78536-2603-4666-9AAC-209C2B46A73A}.Release|ARM.ActiveCfg = Release|Any CPU
		{F6D78536-2603-4666-9AAC-209C2B46A73A}.Release|ARM.Build.0 = Release|Any CPU
		{F6D78536-2603-4666-9AAC-209C2B46A73A}.Release|ARM64.ActiveCfg = Release|Any CPU
		{F6D78536-2603-4666-9AAC-209C2B46A73A}.Release|ARM64.Build.0 = Release|Any CPU
		{F6D78536-2603-4666-9AAC-209C2B46A73A}.Release|x64.ActiveCfg = Release|Any CPU
		{F6D78536-2603-4666-9AAC-209C2B46A73A}.Release|x64.Build.0 = Release|Any CPU
		{F6D78536-2603-4666-9AAC-209C2B46A73A}.Release|x86.ActiveCfg = Release|Any CPU
		{F6D78536-2603-4666-9AAC-209C2B46A73A}.Release|x86.Build.0 = Release|Any CPU
		{D55F0BD5-06EB-4011-991C-EDD91A5273AD}.Debug|Any CPU.ActiveCfg = Debug|Any CPU
		{D55F0BD5-06EB-4011-991C-EDD91A5273AD}.Debug|Any CPU.Build.0 = Debug|Any CPU
		{D55F0BD5-06EB-4011-991C-EDD91A5273AD}.Debug|ARM.ActiveCfg = Debug|Any CPU
		{D55F0BD5-06EB-4011-991C-EDD91A5273AD}.Debug|ARM.Build.0 = Debug|Any CPU
		{D55F0BD5-06EB-4011-991C-EDD91A5273AD}.Debug|ARM64.ActiveCfg = Debug|Any CPU
		{D55F0BD5-06EB-4011-991C-EDD91A5273AD}.Debug|ARM64.Build.0 = Debug|Any CPU
		{D55F0BD5-06EB-4011-991C-EDD91A5273AD}.Debug|x64.ActiveCfg = Debug|Any CPU
		{D55F0BD5-06EB-4011-991C-EDD91A5273AD}.Debug|x64.Build.0 = Debug|Any CPU
		{D55F0BD5-06EB-4011-991C-EDD91A5273AD}.Debug|x86.ActiveCfg = Debug|Any CPU
		{D55F0BD5-06EB-4011-991C-EDD91A5273AD}.Debug|x86.Build.0 = Debug|Any CPU
		{D55F0BD5-06EB-4011-991C-EDD91A5273AD}.Release|Any CPU.ActiveCfg = Release|Any CPU
		{D55F0BD5-06EB-4011-991C-EDD91A5273AD}.Release|Any CPU.Build.0 = Release|Any CPU
		{D55F0BD5-06EB-4011-991C-EDD91A5273AD}.Release|ARM.ActiveCfg = Release|Any CPU
		{D55F0BD5-06EB-4011-991C-EDD91A5273AD}.Release|ARM.Build.0 = Release|Any CPU
		{D55F0BD5-06EB-4011-991C-EDD91A5273AD}.Release|ARM64.ActiveCfg = Release|Any CPU
		{D55F0BD5-06EB-4011-991C-EDD91A5273AD}.Release|ARM64.Build.0 = Release|Any CPU
		{D55F0BD5-06EB-4011-991C-EDD91A5273AD}.Release|x64.ActiveCfg = Release|Any CPU
		{D55F0BD5-06EB-4011-991C-EDD91A5273AD}.Release|x64.Build.0 = Release|Any CPU
		{D55F0BD5-06EB-4011-991C-EDD91A5273AD}.Release|x86.ActiveCfg = Release|Any CPU
		{D55F0BD5-06EB-4011-991C-EDD91A5273AD}.Release|x86.Build.0 = Release|Any CPU
		{2E65285C-ED8D-4B51-AB66-F4B9E0062290}.Debug|Any CPU.ActiveCfg = Debug|Any CPU
		{2E65285C-ED8D-4B51-AB66-F4B9E0062290}.Debug|Any CPU.Build.0 = Debug|Any CPU
		{2E65285C-ED8D-4B51-AB66-F4B9E0062290}.Debug|ARM.ActiveCfg = Debug|Any CPU
		{2E65285C-ED8D-4B51-AB66-F4B9E0062290}.Debug|ARM.Build.0 = Debug|Any CPU
		{2E65285C-ED8D-4B51-AB66-F4B9E0062290}.Debug|ARM64.ActiveCfg = Debug|Any CPU
		{2E65285C-ED8D-4B51-AB66-F4B9E0062290}.Debug|ARM64.Build.0 = Debug|Any CPU
		{2E65285C-ED8D-4B51-AB66-F4B9E0062290}.Debug|x64.ActiveCfg = Debug|Any CPU
		{2E65285C-ED8D-4B51-AB66-F4B9E0062290}.Debug|x64.Build.0 = Debug|Any CPU
		{2E65285C-ED8D-4B51-AB66-F4B9E0062290}.Debug|x86.ActiveCfg = Debug|Any CPU
		{2E65285C-ED8D-4B51-AB66-F4B9E0062290}.Debug|x86.Build.0 = Debug|Any CPU
		{2E65285C-ED8D-4B51-AB66-F4B9E0062290}.Release|Any CPU.ActiveCfg = Release|Any CPU
		{2E65285C-ED8D-4B51-AB66-F4B9E0062290}.Release|Any CPU.Build.0 = Release|Any CPU
		{2E65285C-ED8D-4B51-AB66-F4B9E0062290}.Release|ARM.ActiveCfg = Release|Any CPU
		{2E65285C-ED8D-4B51-AB66-F4B9E0062290}.Release|ARM.Build.0 = Release|Any CPU
		{2E65285C-ED8D-4B51-AB66-F4B9E0062290}.Release|ARM64.ActiveCfg = Release|Any CPU
		{2E65285C-ED8D-4B51-AB66-F4B9E0062290}.Release|ARM64.Build.0 = Release|Any CPU
		{2E65285C-ED8D-4B51-AB66-F4B9E0062290}.Release|x64.ActiveCfg = Release|Any CPU
		{2E65285C-ED8D-4B51-AB66-F4B9E0062290}.Release|x64.Build.0 = Release|Any CPU
		{2E65285C-ED8D-4B51-AB66-F4B9E0062290}.Release|x86.ActiveCfg = Release|Any CPU
		{2E65285C-ED8D-4B51-AB66-F4B9E0062290}.Release|x86.Build.0 = Release|Any CPU
		{488213AC-8423-496B-88C2-92ABDE833CE9}.Debug|Any CPU.ActiveCfg = Debug|Any CPU
		{488213AC-8423-496B-88C2-92ABDE833CE9}.Debug|Any CPU.Build.0 = Debug|Any CPU
		{488213AC-8423-496B-88C2-92ABDE833CE9}.Debug|ARM.ActiveCfg = Debug|Any CPU
		{488213AC-8423-496B-88C2-92ABDE833CE9}.Debug|ARM.Build.0 = Debug|Any CPU
		{488213AC-8423-496B-88C2-92ABDE833CE9}.Debug|ARM64.ActiveCfg = Debug|Any CPU
		{488213AC-8423-496B-88C2-92ABDE833CE9}.Debug|ARM64.Build.0 = Debug|Any CPU
		{488213AC-8423-496B-88C2-92ABDE833CE9}.Debug|x64.ActiveCfg = Debug|Any CPU
		{488213AC-8423-496B-88C2-92ABDE833CE9}.Debug|x64.Build.0 = Debug|Any CPU
		{488213AC-8423-496B-88C2-92ABDE833CE9}.Debug|x86.ActiveCfg = Debug|Any CPU
		{488213AC-8423-496B-88C2-92ABDE833CE9}.Debug|x86.Build.0 = Debug|Any CPU
		{488213AC-8423-496B-88C2-92ABDE833CE9}.Release|Any CPU.ActiveCfg = Release|Any CPU
		{488213AC-8423-496B-88C2-92ABDE833CE9}.Release|Any CPU.Build.0 = Release|Any CPU
		{488213AC-8423-496B-88C2-92ABDE833CE9}.Release|ARM.ActiveCfg = Release|Any CPU
		{488213AC-8423-496B-88C2-92ABDE833CE9}.Release|ARM.Build.0 = Release|Any CPU
		{488213AC-8423-496B-88C2-92ABDE833CE9}.Release|ARM64.ActiveCfg = Release|Any CPU
		{488213AC-8423-496B-88C2-92ABDE833CE9}.Release|ARM64.Build.0 = Release|Any CPU
		{488213AC-8423-496B-88C2-92ABDE833CE9}.Release|x64.ActiveCfg = Release|Any CPU
		{488213AC-8423-496B-88C2-92ABDE833CE9}.Release|x64.Build.0 = Release|Any CPU
		{488213AC-8423-496B-88C2-92ABDE833CE9}.Release|x86.ActiveCfg = Release|Any CPU
		{488213AC-8423-496B-88C2-92ABDE833CE9}.Release|x86.Build.0 = Release|Any CPU
		{74BA2C41-7D6A-428E-9977-0A902CF79E80}.Debug|Any CPU.ActiveCfg = Debug|Any CPU
		{74BA2C41-7D6A-428E-9977-0A902CF79E80}.Debug|Any CPU.Build.0 = Debug|Any CPU
		{74BA2C41-7D6A-428E-9977-0A902CF79E80}.Debug|ARM.ActiveCfg = Debug|Any CPU
		{74BA2C41-7D6A-428E-9977-0A902CF79E80}.Debug|ARM.Build.0 = Debug|Any CPU
		{74BA2C41-7D6A-428E-9977-0A902CF79E80}.Debug|ARM64.ActiveCfg = Debug|Any CPU
		{74BA2C41-7D6A-428E-9977-0A902CF79E80}.Debug|ARM64.Build.0 = Debug|Any CPU
		{74BA2C41-7D6A-428E-9977-0A902CF79E80}.Debug|x64.ActiveCfg = Debug|Any CPU
		{74BA2C41-7D6A-428E-9977-0A902CF79E80}.Debug|x64.Build.0 = Debug|Any CPU
		{74BA2C41-7D6A-428E-9977-0A902CF79E80}.Debug|x86.ActiveCfg = Debug|Any CPU
		{74BA2C41-7D6A-428E-9977-0A902CF79E80}.Debug|x86.Build.0 = Debug|Any CPU
		{74BA2C41-7D6A-428E-9977-0A902CF79E80}.Release|Any CPU.ActiveCfg = Release|Any CPU
		{74BA2C41-7D6A-428E-9977-0A902CF79E80}.Release|Any CPU.Build.0 = Release|Any CPU
		{74BA2C41-7D6A-428E-9977-0A902CF79E80}.Release|ARM.ActiveCfg = Release|Any CPU
		{74BA2C41-7D6A-428E-9977-0A902CF79E80}.Release|ARM.Build.0 = Release|Any CPU
		{74BA2C41-7D6A-428E-9977-0A902CF79E80}.Release|ARM64.ActiveCfg = Release|Any CPU
		{74BA2C41-7D6A-428E-9977-0A902CF79E80}.Release|ARM64.Build.0 = Release|Any CPU
		{74BA2C41-7D6A-428E-9977-0A902CF79E80}.Release|x64.ActiveCfg = Release|Any CPU
		{74BA2C41-7D6A-428E-9977-0A902CF79E80}.Release|x64.Build.0 = Release|Any CPU
		{74BA2C41-7D6A-428E-9977-0A902CF79E80}.Release|x86.ActiveCfg = Release|Any CPU
		{74BA2C41-7D6A-428E-9977-0A902CF79E80}.Release|x86.Build.0 = Release|Any CPU
		{84A027EA-AB01-4586-82A1-AE0FC37191A2}.Debug|Any CPU.ActiveCfg = Debug|Any CPU
		{84A027EA-AB01-4586-82A1-AE0FC37191A2}.Debug|Any CPU.Build.0 = Debug|Any CPU
		{84A027EA-AB01-4586-82A1-AE0FC37191A2}.Debug|ARM.ActiveCfg = Debug|Any CPU
		{84A027EA-AB01-4586-82A1-AE0FC37191A2}.Debug|ARM64.ActiveCfg = Debug|Any CPU
		{84A027EA-AB01-4586-82A1-AE0FC37191A2}.Debug|x64.ActiveCfg = Debug|Any CPU
		{84A027EA-AB01-4586-82A1-AE0FC37191A2}.Debug|x86.ActiveCfg = Debug|Any CPU
		{84A027EA-AB01-4586-82A1-AE0FC37191A2}.Release|Any CPU.ActiveCfg = Release|Any CPU
		{84A027EA-AB01-4586-82A1-AE0FC37191A2}.Release|Any CPU.Build.0 = Release|Any CPU
		{84A027EA-AB01-4586-82A1-AE0FC37191A2}.Release|ARM.ActiveCfg = Release|Any CPU
		{84A027EA-AB01-4586-82A1-AE0FC37191A2}.Release|ARM64.ActiveCfg = Release|Any CPU
		{84A027EA-AB01-4586-82A1-AE0FC37191A2}.Release|x64.ActiveCfg = Release|Any CPU
		{84A027EA-AB01-4586-82A1-AE0FC37191A2}.Release|x86.ActiveCfg = Release|Any CPU
		{27EB8D7A-A6E8-40C0-9C5E-3A51EA09F110}.Debug|Any CPU.ActiveCfg = Debug|Any CPU
		{27EB8D7A-A6E8-40C0-9C5E-3A51EA09F110}.Debug|Any CPU.Build.0 = Debug|Any CPU
		{27EB8D7A-A6E8-40C0-9C5E-3A51EA09F110}.Debug|ARM.ActiveCfg = Debug|Any CPU
		{27EB8D7A-A6E8-40C0-9C5E-3A51EA09F110}.Debug|ARM64.ActiveCfg = Debug|Any CPU
		{27EB8D7A-A6E8-40C0-9C5E-3A51EA09F110}.Debug|x64.ActiveCfg = Debug|Any CPU
		{27EB8D7A-A6E8-40C0-9C5E-3A51EA09F110}.Debug|x86.ActiveCfg = Debug|Any CPU
		{27EB8D7A-A6E8-40C0-9C5E-3A51EA09F110}.Release|Any CPU.ActiveCfg = Release|Any CPU
		{27EB8D7A-A6E8-40C0-9C5E-3A51EA09F110}.Release|Any CPU.Build.0 = Release|Any CPU
		{27EB8D7A-A6E8-40C0-9C5E-3A51EA09F110}.Release|ARM.ActiveCfg = Release|Any CPU
		{27EB8D7A-A6E8-40C0-9C5E-3A51EA09F110}.Release|ARM64.ActiveCfg = Release|Any CPU
		{27EB8D7A-A6E8-40C0-9C5E-3A51EA09F110}.Release|x64.ActiveCfg = Release|Any CPU
		{27EB8D7A-A6E8-40C0-9C5E-3A51EA09F110}.Release|x86.ActiveCfg = Release|Any CPU
		{D761287E-A58E-4CAB-AC40-1FE43641D116}.Debug|Any CPU.ActiveCfg = Debug|Any CPU
		{D761287E-A58E-4CAB-AC40-1FE43641D116}.Debug|Any CPU.Build.0 = Debug|Any CPU
		{D761287E-A58E-4CAB-AC40-1FE43641D116}.Debug|ARM.ActiveCfg = Debug|Any CPU
		{D761287E-A58E-4CAB-AC40-1FE43641D116}.Debug|ARM.Build.0 = Debug|Any CPU
		{D761287E-A58E-4CAB-AC40-1FE43641D116}.Debug|ARM64.ActiveCfg = Debug|Any CPU
		{D761287E-A58E-4CAB-AC40-1FE43641D116}.Debug|ARM64.Build.0 = Debug|Any CPU
		{D761287E-A58E-4CAB-AC40-1FE43641D116}.Debug|x64.ActiveCfg = Debug|Any CPU
		{D761287E-A58E-4CAB-AC40-1FE43641D116}.Debug|x64.Build.0 = Debug|Any CPU
		{D761287E-A58E-4CAB-AC40-1FE43641D116}.Debug|x86.ActiveCfg = Debug|Any CPU
		{D761287E-A58E-4CAB-AC40-1FE43641D116}.Debug|x86.Build.0 = Debug|Any CPU
		{D761287E-A58E-4CAB-AC40-1FE43641D116}.Release|Any CPU.ActiveCfg = Release|Any CPU
		{D761287E-A58E-4CAB-AC40-1FE43641D116}.Release|Any CPU.Build.0 = Release|Any CPU
		{D761287E-A58E-4CAB-AC40-1FE43641D116}.Release|ARM.ActiveCfg = Release|Any CPU
		{D761287E-A58E-4CAB-AC40-1FE43641D116}.Release|ARM.Build.0 = Release|Any CPU
		{D761287E-A58E-4CAB-AC40-1FE43641D116}.Release|ARM64.ActiveCfg = Release|Any CPU
		{D761287E-A58E-4CAB-AC40-1FE43641D116}.Release|ARM64.Build.0 = Release|Any CPU
		{D761287E-A58E-4CAB-AC40-1FE43641D116}.Release|x64.ActiveCfg = Release|Any CPU
		{D761287E-A58E-4CAB-AC40-1FE43641D116}.Release|x64.Build.0 = Release|Any CPU
		{D761287E-A58E-4CAB-AC40-1FE43641D116}.Release|x86.ActiveCfg = Release|Any CPU
		{D761287E-A58E-4CAB-AC40-1FE43641D116}.Release|x86.Build.0 = Release|Any CPU
		{91E41F11-2FE8-4857-A4EA-4D1809EE3E68}.Debug|Any CPU.ActiveCfg = Debug|Any CPU
		{91E41F11-2FE8-4857-A4EA-4D1809EE3E68}.Debug|Any CPU.Build.0 = Debug|Any CPU
		{91E41F11-2FE8-4857-A4EA-4D1809EE3E68}.Debug|ARM.ActiveCfg = Debug|Any CPU
		{91E41F11-2FE8-4857-A4EA-4D1809EE3E68}.Debug|ARM.Build.0 = Debug|Any CPU
		{91E41F11-2FE8-4857-A4EA-4D1809EE3E68}.Debug|ARM64.ActiveCfg = Debug|Any CPU
		{91E41F11-2FE8-4857-A4EA-4D1809EE3E68}.Debug|ARM64.Build.0 = Debug|Any CPU
		{91E41F11-2FE8-4857-A4EA-4D1809EE3E68}.Debug|x64.ActiveCfg = Debug|Any CPU
		{91E41F11-2FE8-4857-A4EA-4D1809EE3E68}.Debug|x64.Build.0 = Debug|Any CPU
		{91E41F11-2FE8-4857-A4EA-4D1809EE3E68}.Debug|x86.ActiveCfg = Debug|Any CPU
		{91E41F11-2FE8-4857-A4EA-4D1809EE3E68}.Debug|x86.Build.0 = Debug|Any CPU
		{91E41F11-2FE8-4857-A4EA-4D1809EE3E68}.Release|Any CPU.ActiveCfg = Release|Any CPU
		{91E41F11-2FE8-4857-A4EA-4D1809EE3E68}.Release|Any CPU.Build.0 = Release|Any CPU
		{91E41F11-2FE8-4857-A4EA-4D1809EE3E68}.Release|ARM.ActiveCfg = Release|Any CPU
		{91E41F11-2FE8-4857-A4EA-4D1809EE3E68}.Release|ARM.Build.0 = Release|Any CPU
		{91E41F11-2FE8-4857-A4EA-4D1809EE3E68}.Release|ARM64.ActiveCfg = Release|Any CPU
		{91E41F11-2FE8-4857-A4EA-4D1809EE3E68}.Release|ARM64.Build.0 = Release|Any CPU
		{91E41F11-2FE8-4857-A4EA-4D1809EE3E68}.Release|x64.ActiveCfg = Release|Any CPU
		{91E41F11-2FE8-4857-A4EA-4D1809EE3E68}.Release|x64.Build.0 = Release|Any CPU
		{91E41F11-2FE8-4857-A4EA-4D1809EE3E68}.Release|x86.ActiveCfg = Release|Any CPU
		{91E41F11-2FE8-4857-A4EA-4D1809EE3E68}.Release|x86.Build.0 = Release|Any CPU
		{596061A0-5E1E-4448-AFA5-47879C632F72}.Debug|Any CPU.ActiveCfg = Debug|Any CPU
		{596061A0-5E1E-4448-AFA5-47879C632F72}.Debug|Any CPU.Build.0 = Debug|Any CPU
		{596061A0-5E1E-4448-AFA5-47879C632F72}.Debug|ARM.ActiveCfg = Debug|Any CPU
		{596061A0-5E1E-4448-AFA5-47879C632F72}.Debug|ARM.Build.0 = Debug|Any CPU
		{596061A0-5E1E-4448-AFA5-47879C632F72}.Debug|ARM64.ActiveCfg = Debug|Any CPU
		{596061A0-5E1E-4448-AFA5-47879C632F72}.Debug|ARM64.Build.0 = Debug|Any CPU
		{596061A0-5E1E-4448-AFA5-47879C632F72}.Debug|x64.ActiveCfg = Debug|Any CPU
		{596061A0-5E1E-4448-AFA5-47879C632F72}.Debug|x64.Build.0 = Debug|Any CPU
		{596061A0-5E1E-4448-AFA5-47879C632F72}.Debug|x86.ActiveCfg = Debug|Any CPU
		{596061A0-5E1E-4448-AFA5-47879C632F72}.Debug|x86.Build.0 = Debug|Any CPU
		{596061A0-5E1E-4448-AFA5-47879C632F72}.Release|Any CPU.ActiveCfg = Release|Any CPU
		{596061A0-5E1E-4448-AFA5-47879C632F72}.Release|Any CPU.Build.0 = Release|Any CPU
		{596061A0-5E1E-4448-AFA5-47879C632F72}.Release|ARM.ActiveCfg = Release|Any CPU
		{596061A0-5E1E-4448-AFA5-47879C632F72}.Release|ARM.Build.0 = Release|Any CPU
		{596061A0-5E1E-4448-AFA5-47879C632F72}.Release|ARM64.ActiveCfg = Release|Any CPU
		{596061A0-5E1E-4448-AFA5-47879C632F72}.Release|ARM64.Build.0 = Release|Any CPU
		{596061A0-5E1E-4448-AFA5-47879C632F72}.Release|x64.ActiveCfg = Release|Any CPU
		{596061A0-5E1E-4448-AFA5-47879C632F72}.Release|x64.Build.0 = Release|Any CPU
		{596061A0-5E1E-4448-AFA5-47879C632F72}.Release|x86.ActiveCfg = Release|Any CPU
		{596061A0-5E1E-4448-AFA5-47879C632F72}.Release|x86.Build.0 = Release|Any CPU
		{D226FD7D-BDF4-4AEA-810F-339E4C283D6E}.Debug|Any CPU.ActiveCfg = Debug|Any CPU
		{D226FD7D-BDF4-4AEA-810F-339E4C283D6E}.Debug|Any CPU.Build.0 = Debug|Any CPU
		{D226FD7D-BDF4-4AEA-810F-339E4C283D6E}.Debug|ARM.ActiveCfg = Debug|Any CPU
		{D226FD7D-BDF4-4AEA-810F-339E4C283D6E}.Debug|ARM.Build.0 = Debug|Any CPU
		{D226FD7D-BDF4-4AEA-810F-339E4C283D6E}.Debug|ARM64.ActiveCfg = Debug|Any CPU
		{D226FD7D-BDF4-4AEA-810F-339E4C283D6E}.Debug|ARM64.Build.0 = Debug|Any CPU
		{D226FD7D-BDF4-4AEA-810F-339E4C283D6E}.Debug|x64.ActiveCfg = Debug|Any CPU
		{D226FD7D-BDF4-4AEA-810F-339E4C283D6E}.Debug|x64.Build.0 = Debug|Any CPU
		{D226FD7D-BDF4-4AEA-810F-339E4C283D6E}.Debug|x86.ActiveCfg = Debug|Any CPU
		{D226FD7D-BDF4-4AEA-810F-339E4C283D6E}.Debug|x86.Build.0 = Debug|Any CPU
		{D226FD7D-BDF4-4AEA-810F-339E4C283D6E}.Release|Any CPU.ActiveCfg = Release|Any CPU
		{D226FD7D-BDF4-4AEA-810F-339E4C283D6E}.Release|Any CPU.Build.0 = Release|Any CPU
		{D226FD7D-BDF4-4AEA-810F-339E4C283D6E}.Release|ARM.ActiveCfg = Release|Any CPU
		{D226FD7D-BDF4-4AEA-810F-339E4C283D6E}.Release|ARM.Build.0 = Release|Any CPU
		{D226FD7D-BDF4-4AEA-810F-339E4C283D6E}.Release|ARM64.ActiveCfg = Release|Any CPU
		{D226FD7D-BDF4-4AEA-810F-339E4C283D6E}.Release|ARM64.Build.0 = Release|Any CPU
		{D226FD7D-BDF4-4AEA-810F-339E4C283D6E}.Release|x64.ActiveCfg = Release|Any CPU
		{D226FD7D-BDF4-4AEA-810F-339E4C283D6E}.Release|x64.Build.0 = Release|Any CPU
		{D226FD7D-BDF4-4AEA-810F-339E4C283D6E}.Release|x86.ActiveCfg = Release|Any CPU
		{D226FD7D-BDF4-4AEA-810F-339E4C283D6E}.Release|x86.Build.0 = Release|Any CPU
		{B20546DB-07AD-4A39-AB13-1A2363DB55B8}.Debug|Any CPU.ActiveCfg = Debug|Any CPU
		{B20546DB-07AD-4A39-AB13-1A2363DB55B8}.Debug|Any CPU.Build.0 = Debug|Any CPU
		{B20546DB-07AD-4A39-AB13-1A2363DB55B8}.Debug|ARM.ActiveCfg = Debug|Any CPU
		{B20546DB-07AD-4A39-AB13-1A2363DB55B8}.Debug|ARM.Build.0 = Debug|Any CPU
		{B20546DB-07AD-4A39-AB13-1A2363DB55B8}.Debug|ARM64.ActiveCfg = Debug|Any CPU
		{B20546DB-07AD-4A39-AB13-1A2363DB55B8}.Debug|ARM64.Build.0 = Debug|Any CPU
		{B20546DB-07AD-4A39-AB13-1A2363DB55B8}.Debug|x64.ActiveCfg = Debug|Any CPU
		{B20546DB-07AD-4A39-AB13-1A2363DB55B8}.Debug|x64.Build.0 = Debug|Any CPU
		{B20546DB-07AD-4A39-AB13-1A2363DB55B8}.Debug|x86.ActiveCfg = Debug|Any CPU
		{B20546DB-07AD-4A39-AB13-1A2363DB55B8}.Debug|x86.Build.0 = Debug|Any CPU
		{B20546DB-07AD-4A39-AB13-1A2363DB55B8}.Release|Any CPU.ActiveCfg = Release|Any CPU
		{B20546DB-07AD-4A39-AB13-1A2363DB55B8}.Release|Any CPU.Build.0 = Release|Any CPU
		{B20546DB-07AD-4A39-AB13-1A2363DB55B8}.Release|ARM.ActiveCfg = Release|Any CPU
		{B20546DB-07AD-4A39-AB13-1A2363DB55B8}.Release|ARM.Build.0 = Release|Any CPU
		{B20546DB-07AD-4A39-AB13-1A2363DB55B8}.Release|ARM64.ActiveCfg = Release|Any CPU
		{B20546DB-07AD-4A39-AB13-1A2363DB55B8}.Release|ARM64.Build.0 = Release|Any CPU
		{B20546DB-07AD-4A39-AB13-1A2363DB55B8}.Release|x64.ActiveCfg = Release|Any CPU
		{B20546DB-07AD-4A39-AB13-1A2363DB55B8}.Release|x64.Build.0 = Release|Any CPU
		{B20546DB-07AD-4A39-AB13-1A2363DB55B8}.Release|x86.ActiveCfg = Release|Any CPU
		{B20546DB-07AD-4A39-AB13-1A2363DB55B8}.Release|x86.Build.0 = Release|Any CPU
	EndGlobalSection
	GlobalSection(SolutionProperties) = preSolution
		HideSolutionNode = FALSE
	EndGlobalSection
	GlobalSection(NestedProjects) = preSolution
		{84A027EA-AB01-4586-82A1-AE0FC37191A2} = {F7A3FFCD-B942-4AA0-9B64-8B3F8D255737}
		{27EB8D7A-A6E8-40C0-9C5E-3A51EA09F110} = {F7A3FFCD-B942-4AA0-9B64-8B3F8D255737}
		{B20546DB-07AD-4A39-AB13-1A2363DB55B8} = {F7A3FFCD-B942-4AA0-9B64-8B3F8D255737}
	EndGlobalSection
	GlobalSection(ExtensibilityGlobals) = postSolution
		SolutionGuid = {165E4CB3-D0E2-4206-BE47-71A520BB3CFD}
	EndGlobalSection
EndGlobal
